
Microsoft Visual Studio Solution File, Format Version 12.00
# Visual Studio Version 17
VisualStudioVersion = 17.9.34701.34
MinimumVisualStudioVersion = 10.0.40219.1
Project("{FAE04EC0-301F-11D3-BF4B-00C04F79EFBC}") = "BlackJack_Console", "BlackJack_Console.csproj", "{ED53775A-B5C9-4C56-9DA3-A38CA6B629AF}"
EndProject
Global
	GlobalSection(SolutionConfigurationPlatforms) = preSolution
		Debug|Any CPU = Debug|Any CPU
		Release|Any CPU = Release|Any CPU
	EndGlobalSection
	GlobalSection(ProjectConfigurationPlatforms) = postSolution
		{ED53775A-B5C9-4C56-9DA3-A38CA6B629AF}.Debug|Any CPU.ActiveCfg = Debug|Any CPU
		{ED53775A-B5C9-4C56-9DA3-A38CA6B629AF}.Debug|Any CPU.Build.0 = Debug|Any CPU
		{ED53775A-B5C9-4C56-9DA3-A38CA6B629AF}.Release|Any CPU.ActiveCfg = Release|Any CPU
		{ED53775A-B5C9-4C56-9DA3-A38CA6B629AF}.Release|Any CPU.Build.0 = Release|Any CPU
	EndGlobalSection
	GlobalSection(SolutionProperties) = preSolution
		HideSolutionNode = FALSE
	EndGlobalSection
	GlobalSection(ExtensibilityGlobals) = postSolution
		SolutionGuid = {871E2112-06BC-4B1A-9A6C-C084EB357CB1}
	EndGlobalSection
EndGlobal
